
Microsoft Visual Studio Solution File, Format Version 12.00
# Visual Studio Version 17
VisualStudioVersion = 17.8.34525.116
MinimumVisualStudioVersion = 10.0.40219.1
Project("{FAE04EC0-301F-11D3-BF4B-00C04F79EFBC}") = "Husnutdinov_Autoservice", "Husnutdinov_Autoservice.csproj", "{46D5AA44-4D20-46F0-BC01-30DC59C22051}"
EndProject
Global
	GlobalSection(SolutionConfigurationPlatforms) = preSolution
		Debug|Any CPU = Debug|Any CPU
		Release|Any CPU = Release|Any CPU
	EndGlobalSection
	GlobalSection(ProjectConfigurationPlatforms) = postSolution
		{46D5AA44-4D20-46F0-BC01-30DC59C22051}.Debug|Any CPU.ActiveCfg = Debug|Any CPU
		{46D5AA44-4D20-46F0-BC01-30DC59C22051}.Debug|Any CPU.Build.0 = Debug|Any CPU
		{46D5AA44-4D20-46F0-BC01-30DC59C22051}.Release|Any CPU.ActiveCfg = Release|Any CPU
		{46D5AA44-4D20-46F0-BC01-30DC59C22051}.Release|Any CPU.Build.0 = Release|Any CPU
	EndGlobalSection
	GlobalSection(SolutionProperties) = preSolution
		HideSolutionNode = FALSE
	EndGlobalSection
	GlobalSection(ExtensibilityGlobals) = postSolution
		SolutionGuid = {E5B8DE2B-19AE-4D6D-AB5D-65C6543F43C2}
	EndGlobalSection
EndGlobal
